
Microsoft Visual Studio Solution File, Format Version 12.00
# Visual Studio Version 16
VisualStudioVersion = 16.0.29609.76
MinimumVisualStudioVersion = 10.0.40219.1
Project("{FAE04EC0-301F-11D3-BF4B-00C04F79EFBC}") = "Admin Panel", "Admin Panel\Admin Panel.csproj", "{8584D5B2-489B-4C95-965C-5CBDECB6DD79}"
EndProject
Global
	GlobalSection(SolutionConfigurationPlatforms) = preSolution
		Debug|Any CPU = Debug|Any CPU
		Release|Any CPU = Release|Any CPU
	EndGlobalSection
	GlobalSection(ProjectConfigurationPlatforms) = postSolution
		{8584D5B2-489B-4C95-965C-5CBDECB6DD79}.Debug|Any CPU.ActiveCfg = Debug|Any CPU
		{8584D5B2-489B-4C95-965C-5CBDECB6DD79}.Debug|Any CPU.Build.0 = Debug|Any CPU
		{8584D5B2-489B-4C95-965C-5CBDECB6DD79}.Release|Any CPU.ActiveCfg = Release|Any CPU
		{8584D5B2-489B-4C95-965C-5CBDECB6DD79}.Release|Any CPU.Build.0 = Release|Any CPU
	EndGlobalSection
	GlobalSection(SolutionProperties) = preSolution
		HideSolutionNode = FALSE
	EndGlobalSection
	GlobalSection(ExtensibilityGlobals) = postSolution
		SolutionGuid = {CC9E9F05-3A67-48D5-9210-4B399F4162E1}
	EndGlobalSection
EndGlobal
